
Microsoft Visual Studio Solution File, Format Version 12.00
# Visual Studio Version 17
VisualStudioVersion = 17.2.32616.157
MinimumVisualStudioVersion = 10.0.40219.1
Project("{8BC9CEB8-8B4A-11D0-8D11-00A0C91BC942}") = "函数03_220711", "函数03_220711\函数03_220711.vcxproj", "{B5B8F266-D129-47CE-83CF-C403AD29EFED}"
EndProject
Global
	GlobalSection(SolutionConfigurationPlatforms) = preSolution
		Debug|x64 = Debug|x64
		Debug|x86 = Debug|x86
		Release|x64 = Release|x64
		Release|x86 = Release|x86
	EndGlobalSection
	GlobalSection(ProjectConfigurationPlatforms) = postSolution
		{B5B8F266-D129-47CE-83CF-C403AD29EFED}.Debug|x64.ActiveCfg = Debug|x64
		{B5B8F266-D129-47CE-83CF-C403AD29EFED}.Debug|x64.Build.0 = Debug|x64
		{B5B8F266-D129-47CE-83CF-C403AD29EFED}.Debug|x86.ActiveCfg = Debug|Win32
		{B5B8F266-D129-47CE-83CF-C403AD29EFED}.Debug|x86.Build.0 = Debug|Win32
		{B5B8F266-D129-47CE-83CF-C403AD29EFED}.Release|x64.ActiveCfg = Release|x64
		{B5B8F266-D129-47CE-83CF-C403AD29EFED}.Release|x64.Build.0 = Release|x64
		{B5B8F266-D129-47CE-83CF-C403AD29EFED}.Release|x86.ActiveCfg = Release|Win32
		{B5B8F266-D129-47CE-83CF-C403AD29EFED}.Release|x86.Build.0 = Release|Win32
	EndGlobalSection
	GlobalSection(SolutionProperties) = preSolution
		HideSolutionNode = FALSE
	EndGlobalSection
	GlobalSection(ExtensibilityGlobals) = postSolution
		SolutionGuid = {643578AA-06BE-48E8-9F0B-D71A1F266A88}
	EndGlobalSection
EndGlobal
