
Microsoft Visual Studio Solution File, Format Version 12.00
# Visual Studio Version 17
VisualStudioVersion = 17.2.32616.157
MinimumVisualStudioVersion = 10.0.40219.1
Project("{8BC9CEB8-8B4A-11D0-8D11-00A0C91BC942}") = "函数04_220712", "函数04_220712\函数04_220712.vcxproj", "{C6A76E82-6BA8-47CF-84C9-0B389EBF2562}"
EndProject
Global
	GlobalSection(SolutionConfigurationPlatforms) = preSolution
		Debug|x64 = Debug|x64
		Debug|x86 = Debug|x86
		Release|x64 = Release|x64
		Release|x86 = Release|x86
	EndGlobalSection
	GlobalSection(ProjectConfigurationPlatforms) = postSolution
		{C6A76E82-6BA8-47CF-84C9-0B389EBF2562}.Debug|x64.ActiveCfg = Debug|x64
		{C6A76E82-6BA8-47CF-84C9-0B389EBF2562}.Debug|x64.Build.0 = Debug|x64
		{C6A76E82-6BA8-47CF-84C9-0B389EBF2562}.Debug|x86.ActiveCfg = Debug|Win32
		{C6A76E82-6BA8-47CF-84C9-0B389EBF2562}.Debug|x86.Build.0 = Debug|Win32
		{C6A76E82-6BA8-47CF-84C9-0B389EBF2562}.Release|x64.ActiveCfg = Release|x64
		{C6A76E82-6BA8-47CF-84C9-0B389EBF2562}.Release|x64.Build.0 = Release|x64
		{C6A76E82-6BA8-47CF-84C9-0B389EBF2562}.Release|x86.ActiveCfg = Release|Win32
		{C6A76E82-6BA8-47CF-84C9-0B389EBF2562}.Release|x86.Build.0 = Release|Win32
	EndGlobalSection
	GlobalSection(SolutionProperties) = preSolution
		HideSolutionNode = FALSE
	EndGlobalSection
	GlobalSection(ExtensibilityGlobals) = postSolution
		SolutionGuid = {7A07AD77-740F-4C1C-9BAA-8198B350A742}
	EndGlobalSection
EndGlobal
